
Microsoft Visual Studio Solution File, Format Version 12.00
# Visual Studio Version 17
VisualStudioVersion = 17.13.35931.197 d17.13
MinimumVisualStudioVersion = 10.0.40219.1
Project("{FAE04EC0-301F-11D3-BF4B-00C04F79EFBC}") = "Scraps", "Scraps\Scraps.csproj", "{290CD012-BBB6-6003-E72E-5C9B6CE8A18D}"
EndProject
Project("{FAE04EC0-301F-11D3-BF4B-00C04F79EFBC}") = "Scraps.Core", "Scraps.Core\Scraps.Core.csproj", "{A1B2C3D4-E5F6-7890-ABCD-EF1234567890}"
EndProject
Project("{FAE04EC0-301F-11D3-BF4B-00C04F79EFBC}") = "Scraps.Database", "Scraps.Database\Scraps.Database.csproj", "{FBD6EA05-D3F8-4551-AF36-F6F72595534D}"
EndProject
Project("{FAE04EC0-301F-11D3-BF4B-00C04F79EFBC}") = "Scraps.Database.MSSQL", "Scraps.Database.MSSQL\Scraps.Database.MSSQL.csproj", "{B2C3D4E5-F6A7-8901-BCDE-F23456789012}"
EndProject
Project("{FAE04EC0-301F-11D3-BF4B-00C04F79EFBC}") = "Scraps.Security", "Scraps.Security\Scraps.Security.csproj", "{C3D4E5F6-A7B8-9012-CDEF-345678901234}"
EndProject
Project("{FAE04EC0-301F-11D3-BF4B-00C04F79EFBC}") = "Scraps.Import", "Scraps.Import\Scraps.Import.csproj", "{D4E5F6A7-B8C9-0123-DEFA-456789012345}"
EndProject
Project("{FAE04EC0-301F-11D3-BF4B-00C04F79EFBC}") = "Scraps.Export", "Scraps.Export\Scraps.Export.csproj", "{E5F6A7B8-C9D0-1234-EFAB-567890123456}"
EndProject
Project("{FAE04EC0-301F-11D3-BF4B-00C04F79EFBC}") = "Scraps.UI.WinForms", "Scraps.UI.WinForms\Scraps.UI.WinForms.csproj", "{F6A7B8C9-D0E1-2345-FABC-678901234567}"
EndProject
Project("{FAE04EC0-301F-11D3-BF4B-00C04F79EFBC}") = "Scraps.Tests", "Scraps.Tests\Scraps.Tests.csproj", "{DAA98929-7D19-5BB1-978C-96FBDB5B2A0A}"
EndProject
Global
	GlobalSection(SolutionConfigurationPlatforms) = preSolution
		Debug|Any CPU = Debug|Any CPU
		Release|Any CPU = Release|Any CPU
	EndGlobalSection
	GlobalSection(ProjectConfigurationPlatforms) = postSolution
		{290CD012-BBB6-6003-E72E-5C9B6CE8A18D}.Debug|Any CPU.ActiveCfg = Debug|Any CPU
		{290CD012-BBB6-6003-E72E-5C9B6CE8A18D}.Debug|Any CPU.Build.0 = Debug|Any CPU
		{290CD012-BBB6-6003-E72E-5C9B6CE8A18D}.Release|Any CPU.ActiveCfg = Release|Any CPU
		{290CD012-BBB6-6003-E72E-5C9B6CE8A18D}.Release|Any CPU.Build.0 = Release|Any CPU
		{A1B2C3D4-E5F6-7890-ABCD-EF1234567890}.Debug|Any CPU.ActiveCfg = Debug|Any CPU
		{A1B2C3D4-E5F6-7890-ABCD-EF1234567890}.Debug|Any CPU.Build.0 = Debug|Any CPU
		{A1B2C3D4-E5F6-7890-ABCD-EF1234567890}.Release|Any CPU.ActiveCfg = Release|Any CPU
		{A1B2C3D4-E5F6-7890-ABCD-EF1234567890}.Release|Any CPU.Build.0 = Release|Any CPU
		{FBD6EA05-D3F8-4551-AF36-F6F72595534D}.Debug|Any CPU.ActiveCfg = Debug|Any CPU
		{FBD6EA05-D3F8-4551-AF36-F6F72595534D}.Debug|Any CPU.Build.0 = Debug|Any CPU
		{FBD6EA05-D3F8-4551-AF36-F6F72595534D}.Release|Any CPU.ActiveCfg = Release|Any CPU
		{FBD6EA05-D3F8-4551-AF36-F6F72595534D}.Release|Any CPU.Build.0 = Release|Any CPU
		{B2C3D4E5-F6A7-8901-BCDE-F23456789012}.Debug|Any CPU.ActiveCfg = Debug|Any CPU
		{B2C3D4E5-F6A7-8901-BCDE-F23456789012}.Debug|Any CPU.Build.0 = Debug|Any CPU
		{B2C3D4E5-F6A7-8901-BCDE-F23456789012}.Release|Any CPU.ActiveCfg = Release|Any CPU
		{B2C3D4E5-F6A7-8901-BCDE-F23456789012}.Release|Any CPU.Build.0 = Release|Any CPU
		{C3D4E5F6-A7B8-9012-CDEF-345678901234}.Debug|Any CPU.ActiveCfg = Debug|Any CPU
		{C3D4E5F6-A7B8-9012-CDEF-345678901234}.Debug|Any CPU.Build.0 = Debug|Any CPU
		{C3D4E5F6-A7B8-9012-CDEF-345678901234}.Release|Any CPU.ActiveCfg = Release|Any CPU
		{C3D4E5F6-A7B8-9012-CDEF-345678901234}.Release|Any CPU.Build.0 = Release|Any CPU
		{D4E5F6A7-B8C9-0123-DEFA-456789012345}.Debug|Any CPU.ActiveCfg = Debug|Any CPU
		{D4E5F6A7-B8C9-0123-DEFA-456789012345}.Debug|Any CPU.Build.0 = Debug|Any CPU
		{D4E5F6A7-B8C9-0123-DEFA-456789012345}.Release|Any CPU.ActiveCfg = Release|Any CPU
		{D4E5F6A7-B8C9-0123-DEFA-456789012345}.Release|Any CPU.Build.0 = Release|Any CPU
		{E5F6A7B8-C9D0-1234-EFAB-567890123456}.Debug|Any CPU.ActiveCfg = Debug|Any CPU
		{E5F6A7B8-C9D0-1234-EFAB-567890123456}.Debug|Any CPU.Build.0 = Debug|Any CPU
		{E5F6A7B8-C9D0-1234-EFAB-567890123456}.Release|Any CPU.ActiveCfg = Release|Any CPU
		{E5F6A7B8-C9D0-1234-EFAB-567890123456}.Release|Any CPU.Build.0 = Release|Any CPU
		{F6A7B8C9-D0E1-2345-FABC-678901234567}.Debug|Any CPU.ActiveCfg = Debug|Any CPU
		{F6A7B8C9-D0E1-2345-FABC-678901234567}.Debug|Any CPU.Build.0 = Debug|Any CPU
		{F6A7B8C9-D0E1-2345-FABC-678901234567}.Release|Any CPU.ActiveCfg = Release|Any CPU
		{F6A7B8C9-D0E1-2345-FABC-678901234567}.Release|Any CPU.Build.0 = Release|Any CPU
		{DAA98929-7D19-5BB1-978C-96FBDB5B2A0A}.Debug|Any CPU.ActiveCfg = Debug|Any CPU
		{DAA98929-7D19-5BB1-978C-96FBDB5B2A0A}.Debug|Any CPU.Build.0 = Debug|Any CPU
		{DAA98929-7D19-5BB1-978C-96FBDB5B2A0A}.Release|Any CPU.ActiveCfg = Release|Any CPU
		{DAA98929-7D19-5BB1-978C-96FBDB5B2A0A}.Release|Any CPU.Build.0 = Release|Any CPU
	EndGlobalSection
	GlobalSection(SolutionProperties) = preSolution
		HideSolutionNode = FALSE
	EndGlobalSection
	GlobalSection(ExtensibilityGlobals) = postSolution
		SolutionGuid = {2D4BD2A2-6906-4851-826B-D340A6532AEF}
	EndGlobalSection
EndGlobal
